{
  "nodes": {
    "nixpkgs": {
      "locked": {
        "lastModified": 1774855581,
        "narHash": "sha256-YkreHeMgTCYvJ5fESV0YyqQK49bHGe2B51tH6claUh4=",
        "owner": "NixOS",
        "repo": "nixpkgs",
        "rev": "15c6719d8c604779cf59e03c245ea61d3d7ab69b",
        "type": "github"
      },
      "original": {
        "owner": "NixOS",
        "ref": "nixpkgs-unstable",
        "repo": "nixpkgs",
        "type": "github"
      }
    },
    "root": {
      "inputs": {
        "nixpkgs": "nixpkgs",
        "zmk-nix": "zmk-nix"
      }
    },
    "zmk-nix": {
      "inputs": {
        "nixpkgs": [
          "nixpkgs"
        ]
      },
      "locked": {
        "lastModified": 1774745936,
        "narHash": "sha256-tRkpD/siGvqbGk1jwxX5n/MIaK3Y0ktphW4/3GLQbBE=",
        "owner": "lilyinstarlight",
        "repo": "zmk-nix",
        "rev": "6641b81ad5b73af8fa99f36bbf674ae7c09ed4f6",
        "type": "github"
      },
      "original": {
        "owner": "lilyinstarlight",
        "repo": "zmk-nix",
        "type": "github"
      }
    }
  },
  "root": "root",
  "version": 7
}
